{
  "nodes": {
    "nixpkgs": {
      "locked": {
        "lastModified": 1683474973,
        "narHash": "sha256-Ea9c31BYRKCF7dRj81AO39XgYkmpE9GDZvV0hWDk01k=",
        "owner": "NixOs",
        "repo": "nixpkgs",
        "rev": "c7688fcc78aa94bae084ac09156258b828c3f8cf",
        "type": "github"
      },
      "original": {
        "owner": "NixOs",
        "ref": "master",
        "repo": "nixpkgs",
        "type": "github"
      }
    },
    "root": {
      "inputs": {
        "nixpkgs": "nixpkgs"
      }
    }
  },
  "root": "root",
  "version": 7
}
