{
  "nodes": {
    "nixpkgs": {
      "locked": {
        "lastModified": 1684911153,
        "narHash": "sha256-M4LzmXyFOwGbsmmajQhhQqxGU52ELp1RIVZKl9A7Pjo=",
        "owner": "NixOs",
        "repo": "nixpkgs",
        "rev": "0438c163a2b8f45bdadc04db12380188fcbf6223",
        "type": "github"
      },
      "original": {
        "owner": "NixOs",
        "ref": "master",
        "repo": "nixpkgs",
        "type": "github"
      }
    },
    "root": {
      "inputs": {
        "nixpkgs": "nixpkgs"
      }
    }
  },
  "root": "root",
  "version": 7
}
